
Microsoft Visual Studio Solution File, Format Version 12.00
Project("{FAE04EC0-301F-11D3-BF4B-00C04F79EFBC}") = "Get_IPlayer_API", "Get_IPlayer_API\Get_IPlayer_API.csproj", "{BD5EE2C9-F6CC-45E6-B2E7-0E2AB1294312}"
EndProject
Project("{FAE04EC0-301F-11D3-BF4B-00C04F79EFBC}") = "Get_IPlayer_Wrapper", "Get_IPlayer_Wrapper\Get_IPlayer_Wrapper.csproj", "{969657B5-6FF9-4A9F-BC94-E34A287A07C5}"
EndProject
Global
	GlobalSection(SolutionConfigurationPlatforms) = preSolution
		Debug|Any CPU = Debug|Any CPU
		Release|Any CPU = Release|Any CPU
	EndGlobalSection
	GlobalSection(ProjectConfigurationPlatforms) = postSolution
		{BD5EE2C9-F6CC-45E6-B2E7-0E2AB1294312}.Debug|Any CPU.ActiveCfg = Debug|Any CPU
		{BD5EE2C9-F6CC-45E6-B2E7-0E2AB1294312}.Debug|Any CPU.Build.0 = Debug|Any CPU
		{BD5EE2C9-F6CC-45E6-B2E7-0E2AB1294312}.Release|Any CPU.ActiveCfg = Release|Any CPU
		{BD5EE2C9-F6CC-45E6-B2E7-0E2AB1294312}.Release|Any CPU.Build.0 = Release|Any CPU
		{969657B5-6FF9-4A9F-BC94-E34A287A07C5}.Debug|Any CPU.ActiveCfg = Debug|Any CPU
		{969657B5-6FF9-4A9F-BC94-E34A287A07C5}.Debug|Any CPU.Build.0 = Debug|Any CPU
		{969657B5-6FF9-4A9F-BC94-E34A287A07C5}.Release|Any CPU.ActiveCfg = Release|Any CPU
		{969657B5-6FF9-4A9F-BC94-E34A287A07C5}.Release|Any CPU.Build.0 = Release|Any CPU
	EndGlobalSection
EndGlobal
